
Microsoft Visual Studio Solution File, Format Version 12.00
# Visual Studio Version 17
VisualStudioVersion = 17.2.32630.192
MinimumVisualStudioVersion = 10.0.40219.1
Project("{FAE04EC0-301F-11D3-BF4B-00C04F79EFBC}") = "NewMongoDBProjectAnd_SearchUsers", "NewMongoDBProjectAnd_SearchUsers.csproj", "{0FDDB23A-231D-44B7-A94F-F60ABA0185CA}"
EndProject
Global
	GlobalSection(SolutionConfigurationPlatforms) = preSolution
		Debug|Any CPU = Debug|Any CPU
		Release|Any CPU = Release|Any CPU
	EndGlobalSection
	GlobalSection(ProjectConfigurationPlatforms) = postSolution
		{0FDDB23A-231D-44B7-A94F-F60ABA0185CA}.Debug|Any CPU.ActiveCfg = Debug|Any CPU
		{0FDDB23A-231D-44B7-A94F-F60ABA0185CA}.Debug|Any CPU.Build.0 = Debug|Any CPU
		{0FDDB23A-231D-44B7-A94F-F60ABA0185CA}.Release|Any CPU.ActiveCfg = Release|Any CPU
		{0FDDB23A-231D-44B7-A94F-F60ABA0185CA}.Release|Any CPU.Build.0 = Release|Any CPU
	EndGlobalSection
	GlobalSection(SolutionProperties) = preSolution
		HideSolutionNode = FALSE
	EndGlobalSection
	GlobalSection(ExtensibilityGlobals) = postSolution
		SolutionGuid = {45EF5837-2ED2-4900-8A80-6638753CB810}
	EndGlobalSection
EndGlobal
